
Microsoft Visual Studio Solution File, Format Version 12.00
# Visual Studio Version 17
VisualStudioVersion = 17.7.34018.315
MinimumVisualStudioVersion = 10.0.40219.1
Project("{FAE04EC0-301F-11D3-BF4B-00C04F79EFBC}") = "OnlineJwellery Shopping", "OnlineJwellery Shopping.csproj", "{3BA84DB1-B8EB-49B1-84FB-66BAAACCE354}"
EndProject
Global
	GlobalSection(SolutionConfigurationPlatforms) = preSolution
		Debug|Any CPU = Debug|Any CPU
		Release|Any CPU = Release|Any CPU
	EndGlobalSection
	GlobalSection(ProjectConfigurationPlatforms) = postSolution
		{3BA84DB1-B8EB-49B1-84FB-66BAAACCE354}.Debug|Any CPU.ActiveCfg = Debug|Any CPU
		{3BA84DB1-B8EB-49B1-84FB-66BAAACCE354}.Debug|Any CPU.Build.0 = Debug|Any CPU
		{3BA84DB1-B8EB-49B1-84FB-66BAAACCE354}.Release|Any CPU.ActiveCfg = Release|Any CPU
		{3BA84DB1-B8EB-49B1-84FB-66BAAACCE354}.Release|Any CPU.Build.0 = Release|Any CPU
	EndGlobalSection
	GlobalSection(SolutionProperties) = preSolution
		HideSolutionNode = FALSE
	EndGlobalSection
	GlobalSection(ExtensibilityGlobals) = postSolution
		SolutionGuid = {E1F42533-3C76-411F-B708-F66DDBE21624}
	EndGlobalSection
EndGlobal
